
Microsoft Visual Studio Solution File, Format Version 11.00
# Visual Studio 2010
Project("{FAE04EC0-301F-11D3-BF4B-00C04F79EFBC}") = "game01", "game01.csproj", "{EE97A939-056A-4564-A31F-0EC48DD8E556}"
EndProject
Global
	GlobalSection(SolutionConfigurationPlatforms) = preSolution
		Debug|Any CPU = Debug|Any CPU
		Release|Any CPU = Release|Any CPU
	EndGlobalSection
	GlobalSection(ProjectConfigurationPlatforms) = postSolution
		{EE97A939-056A-4564-A31F-0EC48DD8E556}.Debug|Any CPU.ActiveCfg = Debug|Any CPU
		{EE97A939-056A-4564-A31F-0EC48DD8E556}.Debug|Any CPU.Build.0 = Debug|Any CPU
		{EE97A939-056A-4564-A31F-0EC48DD8E556}.Release|Any CPU.ActiveCfg = Release|Any CPU
		{EE97A939-056A-4564-A31F-0EC48DD8E556}.Release|Any CPU.Build.0 = Release|Any CPU
	EndGlobalSection
	GlobalSection(SolutionProperties) = preSolution
		HideSolutionNode = FALSE
	EndGlobalSection
EndGlobal
